
Microsoft Visual Studio Solution File, Format Version 12.00
# Visual Studio Version 16
VisualStudioVersion = 16.0.30611.23
MinimumVisualStudioVersion = 10.0.40219.1
Project("{FAE04EC0-301F-11D3-BF4B-00C04F79EFBC}") = "exercicio 05", "exercicio 05.csproj", "{95C51D82-2B80-4349-A964-C89B1DD1E144}"
EndProject
Global
	GlobalSection(SolutionConfigurationPlatforms) = preSolution
		Debug|Any CPU = Debug|Any CPU
		Release|Any CPU = Release|Any CPU
	EndGlobalSection
	GlobalSection(ProjectConfigurationPlatforms) = postSolution
		{95C51D82-2B80-4349-A964-C89B1DD1E144}.Debug|Any CPU.ActiveCfg = Debug|Any CPU
		{95C51D82-2B80-4349-A964-C89B1DD1E144}.Debug|Any CPU.Build.0 = Debug|Any CPU
		{95C51D82-2B80-4349-A964-C89B1DD1E144}.Release|Any CPU.ActiveCfg = Release|Any CPU
		{95C51D82-2B80-4349-A964-C89B1DD1E144}.Release|Any CPU.Build.0 = Release|Any CPU
	EndGlobalSection
	GlobalSection(SolutionProperties) = preSolution
		HideSolutionNode = FALSE
	EndGlobalSection
	GlobalSection(ExtensibilityGlobals) = postSolution
		SolutionGuid = {49D85279-BE37-4685-8989-BB3B0305C7D2}
	EndGlobalSection
EndGlobal
